
Microsoft Visual Studio Solution File, Format Version 12.00
# Visual Studio Version 16
VisualStudioVersion = 16.0.31624.102
MinimumVisualStudioVersion = 10.0.40219.1
Project("{8BC9CEB8-8B4A-11D0-8D11-00A0C91BC942}") = "client", "client\client.vcxproj", "{06A2918F-E498-44F0-AC1A-AD7030938C3C}"
EndProject
Project("{8BC9CEB8-8B4A-11D0-8D11-00A0C91BC942}") = "servive", "servive\servive.vcxproj", "{75D09CA3-6733-451F-BBD6-DA1559E6FB62}"
EndProject
Global
	GlobalSection(SolutionConfigurationPlatforms) = preSolution
		Debug|x64 = Debug|x64
		Debug|x86 = Debug|x86
		Release|x64 = Release|x64
		Release|x86 = Release|x86
	EndGlobalSection
	GlobalSection(ProjectConfigurationPlatforms) = postSolution
		{06A2918F-E498-44F0-AC1A-AD7030938C3C}.Debug|x64.ActiveCfg = Debug|x64
		{06A2918F-E498-44F0-AC1A-AD7030938C3C}.Debug|x64.Build.0 = Debug|x64
		{06A2918F-E498-44F0-AC1A-AD7030938C3C}.Debug|x86.ActiveCfg = Debug|Win32
		{06A2918F-E498-44F0-AC1A-AD7030938C3C}.Debug|x86.Build.0 = Debug|Win32
		{06A2918F-E498-44F0-AC1A-AD7030938C3C}.Release|x64.ActiveCfg = Release|x64
		{06A2918F-E498-44F0-AC1A-AD7030938C3C}.Release|x64.Build.0 = Release|x64
		{06A2918F-E498-44F0-AC1A-AD7030938C3C}.Release|x86.ActiveCfg = Release|Win32
		{06A2918F-E498-44F0-AC1A-AD7030938C3C}.Release|x86.Build.0 = Release|Win32
		{75D09CA3-6733-451F-BBD6-DA1559E6FB62}.Debug|x64.ActiveCfg = Debug|x64
		{75D09CA3-6733-451F-BBD6-DA1559E6FB62}.Debug|x64.Build.0 = Debug|x64
		{75D09CA3-6733-451F-BBD6-DA1559E6FB62}.Debug|x86.ActiveCfg = Debug|Win32
		{75D09CA3-6733-451F-BBD6-DA1559E6FB62}.Debug|x86.Build.0 = Debug|Win32
		{75D09CA3-6733-451F-BBD6-DA1559E6FB62}.Release|x64.ActiveCfg = Release|x64
		{75D09CA3-6733-451F-BBD6-DA1559E6FB62}.Release|x64.Build.0 = Release|x64
		{75D09CA3-6733-451F-BBD6-DA1559E6FB62}.Release|x86.ActiveCfg = Release|Win32
		{75D09CA3-6733-451F-BBD6-DA1559E6FB62}.Release|x86.Build.0 = Release|Win32
	EndGlobalSection
	GlobalSection(SolutionProperties) = preSolution
		HideSolutionNode = FALSE
	EndGlobalSection
	GlobalSection(ExtensibilityGlobals) = postSolution
		SolutionGuid = {56F1EABC-6D8D-4541-94FA-A24E68FB44C6}
	EndGlobalSection
EndGlobal
